// !$*UTF8*$!
{
	archiveVersion = 1;
	classes = {
	};
	objectVersion = 56;
	objects = {

/* Begin PBXBuildFile section */
		84ED21D62B73B68A007DF38B /* UnsplashExplorerTableApp.swift in Sources */ = {isa = PBXBuildFile; fileRef = 84ED21D52B73B68A007DF38B /* UnsplashExplorerTableApp.swift */; };
		84ED21D82B73B68A007DF38B /* UnsplashPhotosView.swift in Sources */ = {isa = PBXBuildFile; fileRef = 84ED21D72B73B68A007DF38B /* UnsplashPhotosView.swift */; };
		84ED21DA2B73B68C007DF38B /* Assets.xcassets in Resources */ = {isa = PBXBuildFile; fileRef = 84ED21D92B73B68C007DF38B /* Assets.xcassets */; };
		84ED21DD2B73B68C007DF38B /* Preview Assets.xcassets in Resources */ = {isa = PBXBuildFile; fileRef = 84ED21DC2B73B68C007DF38B /* Preview Assets.xcassets */; };
		84ED21E72B73B68D007DF38B /* UnsplashExplorerTableTests.swift in Sources */ = {isa = PBXBuildFile; fileRef = 84ED21E62B73B68D007DF38B /* UnsplashExplorerTableTests.swift */; };
		84ED22002B73C1E5007DF38B /* UnsplashPhotosViewModel.swift in Sources */ = {isa = PBXBuildFile; fileRef = 84ED21FF2B73C1E5007DF38B /* UnsplashPhotosViewModel.swift */; };
		84ED22052B73F1B0007DF38B /* SDWebImageSwiftUI in Frameworks */ = {isa = PBXBuildFile; productRef = 84ED22042B73F1B0007DF38B /* SDWebImageSwiftUI */; };
		84ED22092B73FB51007DF38B /* UnsplashPhotoView.swift in Sources */ = {isa = PBXBuildFile; fileRef = 84ED22082B73FB51007DF38B /* UnsplashPhotoView.swift */; };
/* End PBXBuildFile section */

/* Begin PBXContainerItemProxy section */
		84ED21E32B73B68D007DF38B /* PBXContainerItemProxy */ = {
			isa = PBXContainerItemProxy;
			containerPortal = 84ED21CA2B73B68A007DF38B /* Project object */;
			proxyType = 1;
			remoteGlobalIDString = 84ED21D12B73B68A007DF38B;
			remoteInfo = UnsplashExplorerTable;
		};
/* End PBXContainerItemProxy section */

/* Begin PBXFileReference section */
		84ED21D22B73B68A007DF38B /* UnsplashExplorerTable.app */ = {isa = PBXFileReference; explicitFileType = wrapper.application; includeInIndex = 0; path = UnsplashExplorerTable.app; sourceTree = BUILT_PRODUCTS_DIR; };
		84ED21D52B73B68A007DF38B /* UnsplashExplorerTableApp.swift */ = {isa = PBXFileReference; lastKnownFileType = sourcecode.swift; path = UnsplashExplorerTableApp.swift; sourceTree = "<group>"; };
		84ED21D72B73B68A007DF38B /* UnsplashPhotosView.swift */ = {isa = PBXFileReference; lastKnownFileType = sourcecode.swift; path = UnsplashPhotosView.swift; sourceTree = "<group>"; };
		84ED21D92B73B68C007DF38B /* Assets.xcassets */ = {isa = PBXFileReference; lastKnownFileType = folder.assetcatalog; path = Assets.xcassets; sourceTree = "<group>"; };
		84ED21DC2B73B68C007DF38B /* Preview Assets.xcassets */ = {isa = PBXFileReference; lastKnownFileType = folder.assetcatalog; path = "Preview Assets.xcassets"; sourceTree = "<group>"; };
		84ED21E22B73B68D007DF38B /* UnsplashExplorerTableTests.xctest */ = {isa = PBXFileReference; explicitFileType = wrapper.cfbundle; includeInIndex = 0; path = UnsplashExplorerTableTests.xctest; sourceTree = BUILT_PRODUCTS_DIR; };
		84ED21E62B73B68D007DF38B /* UnsplashExplorerTableTests.swift */ = {isa = PBXFileReference; lastKnownFileType = sourcecode.swift; path = UnsplashExplorerTableTests.swift; sourceTree = "<group>"; };
		84ED21FF2B73C1E5007DF38B /* UnsplashPhotosViewModel.swift */ = {isa = PBXFileReference; lastKnownFileType = sourcecode.swift; path = UnsplashPhotosViewModel.swift; sourceTree = "<group>"; };
		84ED22082B73FB51007DF38B /* UnsplashPhotoView.swift */ = {isa = PBXFileReference; lastKnownFileType = sourcecode.swift; path = UnsplashPhotoView.swift; sourceTree = "<group>"; };
/* End PBXFileReference section */

/* Begin PBXFrameworksBuildPhase section */
		84ED21CF2B73B68A007DF38B /* Frameworks */ = {
			isa = PBXFrameworksBuildPhase;
			buildActionMask = 2147483647;
			files = (
				84ED22052B73F1B0007DF38B /* SDWebImageSwiftUI in Frameworks */,
			);
			runOnlyForDeploymentPostprocessing = 0;
		};
		84ED21DF2B73B68D007DF38B /* Frameworks */ = {
			isa = PBXFrameworksBuildPhase;
			buildActionMask = 2147483647;
			files = (
			);
			runOnlyForDeploymentPostprocessing = 0;
		};
/* End PBXFrameworksBuildPhase section */

/* Begin PBXGroup section */
		84ED21C92B73B68A007DF38B = {
			isa = PBXGroup;
			children = (
				84ED21D42B73B68A007DF38B /* UnsplashExplorerTable */,
				84ED21E52B73B68D007DF38B /* UnsplashExplorerTableTests */,
				84ED21D32B73B68A007DF38B /* Products */,
			);
			sourceTree = "<group>";
		};
		84ED21D32B73B68A007DF38B /* Products */ = {
			isa = PBXGroup;
			children = (
				84ED21D22B73B68A007DF38B /* UnsplashExplorerTable.app */,
				84ED21E22B73B68D007DF38B /* UnsplashExplorerTableTests.xctest */,
			);
			name = Products;
			sourceTree = "<group>";
		};
		84ED21D42B73B68A007DF38B /* UnsplashExplorerTable */ = {
			isa = PBXGroup;
			children = (
				84ED21D52B73B68A007DF38B /* UnsplashExplorerTableApp.swift */,
				84ED21D72B73B68A007DF38B /* UnsplashPhotosView.swift */,
				84ED22082B73FB51007DF38B /* UnsplashPhotoView.swift */,
				84ED21FF2B73C1E5007DF38B /* UnsplashPhotosViewModel.swift */,
				84ED21D92B73B68C007DF38B /* Assets.xcassets */,
				84ED21DB2B73B68C007DF38B /* Preview Content */,
			);
			path = UnsplashExplorerTable;
			sourceTree = "<group>";
		};
		84ED21DB2B73B68C007DF38B /* Preview Content */ = {
			isa = PBXGroup;
			children = (
				84ED21DC2B73B68C007DF38B /* Preview Assets.xcassets */,
			);
			path = "Preview Content";
			sourceTree = "<group>";
		};
		84ED21E52B73B68D007DF38B /* UnsplashExplorerTableTests */ = {
			isa = PBXGroup;
			children = (
				84ED21E62B73B68D007DF38B /* UnsplashExplorerTableTests.swift */,
			);
			path = UnsplashExplorerTableTests;
			sourceTree = "<group>";
		};
/* End PBXGroup section */

/* Begin PBXNativeTarget section */
		84ED21D12B73B68A007DF38B /* UnsplashExplorerTable */ = {
			isa = PBXNativeTarget;
			buildConfigurationList = 84ED21F62B73B68D007DF38B /* Build configuration list for PBXNativeTarget "UnsplashExplorerTable" */;
			buildPhases = (
				84ED21CE2B73B68A007DF38B /* Sources */,
				84ED21CF2B73B68A007DF38B /* Frameworks */,
				84ED21D02B73B68A007DF38B /* Resources */,
			);
			buildRules = (
			);
			dependencies = (
			);
			name = UnsplashExplorerTable;
			packageProductDependencies = (
				84ED22042B73F1B0007DF38B /* SDWebImageSwiftUI */,
			);
			productName = UnsplashExplorerTable;
			productReference = 84ED21D22B73B68A007DF38B /* UnsplashExplorerTable.app */;
			productType = "com.apple.product-type.application";
		};
		84ED21E12B73B68D007DF38B /* UnsplashExplorerTableTests */ = {
			isa = PBXNativeTarget;
			buildConfigurationList = 84ED21F92B73B68D007DF38B /* Build configuration list for PBXNativeTarget "UnsplashExplorerTableTests" */;
			buildPhases = (
				84ED21DE2B73B68D007DF38B /* Sources */,
				84ED21DF2B73B68D007DF38B /* Frameworks */,
				84ED21E02B73B68D007DF38B /* Resources */,
			);
			buildRules = (
			);
			dependencies = (
				84ED21E42B73B68D007DF38B /* PBXTargetDependency */,
			);
			name = UnsplashExplorerTableTests;
			productName = UnsplashExplorerTableTests;
			productReference = 84ED21E22B73B68D007DF38B /* UnsplashExplorerTableTests.xctest */;
			productType = "com.apple.product-type.bundle.unit-test";
		};
/* End PBXNativeTarget section */

/* Begin PBXProject section */
		84ED21CA2B73B68A007DF38B /* Project object */ = {
			isa = PBXProject;
			attributes = {
				BuildIndependentTargetsInParallel = 1;
				LastSwiftUpdateCheck = 1510;
				LastUpgradeCheck = 1510;
				TargetAttributes = {
					84ED21D12B73B68A007DF38B = {
						CreatedOnToolsVersion = 15.1;
					};
					84ED21E12B73B68D007DF38B = {
						CreatedOnToolsVersion = 15.1;
						TestTargetID = 84ED21D12B73B68A007DF38B;
					};
				};
			};
			buildConfigurationList = 84ED21CD2B73B68A007DF38B /* Build configuration list for PBXProject "UnsplashExplorerTable" */;
			compatibilityVersion = "Xcode 14.0";
			developmentRegion = en;
			hasScannedForEncodings = 0;
			knownRegions = (
				en,
				Base,
			);
			mainGroup = 84ED21C92B73B68A007DF38B;
			packageReferences = (
				84ED22032B73F1B0007DF38B /* XCRemoteSwiftPackageReference "SDWebImageSwiftUI" */,
			);
			productRefGroup = 84ED21D32B73B68A007DF38B /* Products */;
			projectDirPath = "";
			projectRoot = "";
			targets = (
				84ED21D12B73B68A007DF38B /* UnsplashExplorerTable */,
				84ED21E12B73B68D007DF38B /* UnsplashExplorerTableTests */,
			);
		};
/* End PBXProject section */

/* Begin PBXResourcesBuildPhase section */
		84ED21D02B73B68A007DF38B /* Resources */ = {
			isa = PBXResourcesBuildPhase;
			buildActionMask = 2147483647;
			files = (
				84ED21DD2B73B68C007DF38B /* Preview Assets.xcassets in Resources */,
				84ED21DA2B73B68C007DF38B /* Assets.xcassets in Resources */,
			);
			runOnlyForDeploymentPostprocessing = 0;
		};
		84ED21E02B73B68D007DF38B /* Resources */ = {
			isa = PBXResourcesBuildPhase;
			buildActionMask = 2147483647;
			files = (
			);
			runOnlyForDeploymentPostprocessing = 0;
		};
/* End PBXResourcesBuildPhase section */

/* Begin PBXSourcesBuildPhase section */
		84ED21CE2B73B68A007DF38B /* Sources */ = {
			isa = PBXSourcesBuildPhase;
			buildActionMask = 2147483647;
			files = (
				84ED21D82B73B68A007DF38B /* UnsplashPhotosView.swift in Sources */,
				84ED22092B73FB51007DF38B /* UnsplashPhotoView.swift in Sources */,
				84ED22002B73C1E5007DF38B /* UnsplashPhotosViewModel.swift in Sources */,
				84ED21D62B73B68A007DF38B /* UnsplashExplorerTableApp.swift in Sources */,
			);
			runOnlyForDeploymentPostprocessing = 0;
		};
		84ED21DE2B73B68D007DF38B /* Sources */ = {
			isa = PBXSourcesBuildPhase;
			buildActionMask = 2147483647;
			files = (
				84ED21E72B73B68D007DF38B /* UnsplashExplorerTableTests.swift in Sources */,
			);
			runOnlyForDeploymentPostprocessing = 0;
		};
/* End PBXSourcesBuildPhase section */

/* Begin PBXTargetDependency section */
		84ED21E42B73B68D007DF38B /* PBXTargetDependency */ = {
			isa = PBXTargetDependency;
			target = 84ED21D12B73B68A007DF38B /* UnsplashExplorerTable */;
			targetProxy = 84ED21E32B73B68D007DF38B /* PBXContainerItemProxy */;
		};
/* End PBXTargetDependency section */

/* Begin XCBuildConfiguration section */
		84ED21F42B73B68D007DF38B /* Debug */ = {
			isa = XCBuildConfiguration;
			buildSettings = {
				ALWAYS_SEARCH_USER_PATHS = NO;
				ASSETCATALOG_COMPILER_GENERATE_SWIFT_ASSET_SYMBOL_EXTENSIONS = YES;
				CLANG_ANALYZER_NONNULL = YES;
				CLANG_ANALYZER_NUMBER_OBJECT_CONVERSION = YES_AGGRESSIVE;
				CLANG_CXX_LANGUAGE_STANDARD = "gnu++20";
				CLANG_ENABLE_MODULES = YES;
				CLANG_ENABLE_OBJC_ARC = YES;
				CLANG_ENABLE_OBJC_WEAK = YES;
				CLANG_WARN_BLOCK_CAPTURE_AUTORELEASING = YES;
				CLANG_WARN_BOOL_CONVERSION = YES;
				CLANG_WARN_COMMA = YES;
				CLANG_WARN_CONSTANT_CONVERSION = YES;
				CLANG_WARN_DEPRECATED_OBJC_IMPLEMENTATIONS = YES;
				CLANG_WARN_DIRECT_OBJC_ISA_USAGE = YES_ERROR;
				CLANG_WARN_DOCUMENTATION_COMMENTS = YES;
				CLANG_WARN_EMPTY_BODY = YES;
				CLANG_WARN_ENUM_CONVERSION = YES;
				CLANG_WARN_INFINITE_RECURSION = YES;
				CLANG_WARN_INT_CONVERSION = YES;
				CLANG_WARN_NON_LITERAL_NULL_CONVERSION = YES;
				CLANG_WARN_OBJC_IMPLICIT_RETAIN_SELF = YES;
				CLANG_WARN_OBJC_LITERAL_CONVERSION = YES;
				CLANG_WARN_OBJC_ROOT_CLASS = YES_ERROR;
				CLANG_WARN_QUOTED_INCLUDE_IN_FRAMEWORK_HEADER = YES;
				CLANG_WARN_RANGE_LOOP_ANALYSIS = YES;
				CLANG_WARN_STRICT_PROTOTYPES = YES;
				CLANG_WARN_SUSPICIOUS_MOVE = YES;
				CLANG_WARN_UNGUARDED_AVAILABILITY = YES_AGGRESSIVE;
				CLANG_WARN_UNREACHABLE_CODE = YES;
				CLANG_WARN__DUPLICATE_METHOD_MATCH = YES;
				COPY_PHASE_STRIP = NO;
				DEBUG_INFORMATION_FORMAT = dwarf;
				ENABLE_STRICT_OBJC_MSGSEND = YES;
				ENABLE_TESTABILITY = YES;
				ENABLE_USER_SCRIPT_SANDBOXING = YES;
				GCC_C_LANGUAGE_STANDARD = gnu17;
				GCC_DYNAMIC_NO_PIC = NO;
				GCC_NO_COMMON_BLOCKS = YES;
				GCC_OPTIMIZATION_LEVEL = 0;
				GCC_PREPROCESSOR_DEFINITIONS = (
					"DEBUG=1",
					"$(inherited)",
				);
				GCC_WARN_64_TO_32_BIT_CONVERSION = YES;
				GCC_WARN_ABOUT_RETURN_TYPE = YES_ERROR;
				GCC_WARN_UNDECLARED_SELECTOR = YES;
				GCC_WARN_UNINITIALIZED_AUTOS = YES_AGGRESSIVE;
				GCC_WARN_UNUSED_FUNCTION = YES;
				GCC_WARN_UNUSED_VARIABLE = YES;
				IPHONEOS_DEPLOYMENT_TARGET = 17.2;
				LOCALIZATION_PREFERS_STRING_CATALOGS = YES;
				MTL_ENABLE_DEBUG_INFO = INCLUDE_SOURCE;
				MTL_FAST_MATH = YES;
				ONLY_ACTIVE_ARCH = YES;
				SDKROOT = iphoneos;
				SWIFT_ACTIVE_COMPILATION_CONDITIONS = "DEBUG $(inherited)";
				SWIFT_OPTIMIZATION_LEVEL = "-Onone";
			};
			name = Debug;
		};
		84ED21F52B73B68D007DF38B /* Release */ = {
			isa = XCBuildConfiguration;
			buildSettings = {
				ALWAYS_SEARCH_USER_PATHS = NO;
				ASSETCATALOG_COMPILER_GENERATE_SWIFT_ASSET_SYMBOL_EXTENSIONS = YES;
				CLANG_ANALYZER_NONNULL = YES;
				CLANG_ANALYZER_NUMBER_OBJECT_CONVERSION = YES_AGGRESSIVE;
				CLANG_CXX_LANGUAGE_STANDARD = "gnu++20";
				CLANG_ENABLE_MODULES = YES;
				CLANG_ENABLE_OBJC_ARC = YES;
				CLANG_ENABLE_OBJC_WEAK = YES;
				CLANG_WARN_BLOCK_CAPTURE_AUTORELEASING = YES;
				CLANG_WARN_BOOL_CONVERSION = YES;
				CLANG_WARN_COMMA = YES;
				CLANG_WARN_CONSTANT_CONVERSION = YES;
				CLANG_WARN_DEPRECATED_OBJC_IMPLEMENTATIONS = YES;
				CLANG_WARN_DIRECT_OBJC_ISA_USAGE = YES_ERROR;
				CLANG_WARN_DOCUMENTATION_COMMENTS = YES;
				CLANG_WARN_EMPTY_BODY = YES;
				CLANG_WARN_ENUM_CONVERSION = YES;
				CLANG_WARN_INFINITE_RECURSION = YES;
				CLANG_WARN_INT_CONVERSION = YES;
				CLANG_WARN_NON_LITERAL_NULL_CONVERSION = YES;
				CLANG_WARN_OBJC_IMPLICIT_RETAIN_SELF = YES;
				CLANG_WARN_OBJC_LITERAL_CONVERSION = YES;
				CLANG_WARN_OBJC_ROOT_CLASS = YES_ERROR;
				CLANG_WARN_QUOTED_INCLUDE_IN_FRAMEWORK_HEADER = YES;
				CLANG_WARN_RANGE_LOOP_ANALYSIS = YES;
				CLANG_WARN_STRICT_PROTOTYPES = YES;
				CLANG_WARN_SUSPICIOUS_MOVE = YES;
				CLANG_WARN_UNGUARDED_AVAILABILITY = YES_AGGRESSIVE;
				CLANG_WARN_UNREACHABLE_CODE = YES;
				CLANG_WARN__DUPLICATE_METHOD_MATCH = YES;
				COPY_PHASE_STRIP = NO;
				DEBUG_INFORMATION_FORMAT = "dwarf-with-dsym";
				ENABLE_NS_ASSERTIONS = NO;
				ENABLE_STRICT_OBJC_MSGSEND = YES;
				ENABLE_USER_SCRIPT_SANDBOXING = YES;
				GCC_C_LANGUAGE_STANDARD = gnu17;
				GCC_NO_COMMON_BLOCKS = YES;
				GCC_WARN_64_TO_32_BIT_CONVERSION = YES;
				GCC_WARN_ABOUT_RETURN_TYPE = YES_ERROR;
				GCC_WARN_UNDECLARED_SELECTOR = YES;
				GCC_WARN_UNINITIALIZED_AUTOS = YES_AGGRESSIVE;
				GCC_WARN_UNUSED_FUNCTION = YES;
				GCC_WARN_UNUSED_VARIABLE = YES;
				IPHONEOS_DEPLOYMENT_TARGET = 17.2;
				LOCALIZATION_PREFERS_STRING_CATALOGS = YES;
				MTL_ENABLE_DEBUG_INFO = NO;
				MTL_FAST_MATH = YES;
				SDKROOT = iphoneos;
				SWIFT_COMPILATION_MODE = wholemodule;
				VALIDATE_PRODUCT = YES;
			};
			name = Release;
		};
		84ED21F72B73B68D007DF38B /* Debug */ = {
			isa = XCBuildConfiguration;
			buildSettings = {
				ASSETCATALOG_COMPILER_APPICON_NAME = AppIcon;
				ASSETCATALOG_COMPILER_GLOBAL_ACCENT_COLOR_NAME = AccentColor;
				CODE_SIGN_STYLE = Automatic;
				CURRENT_PROJECT_VERSION = 1;
				DEVELOPMENT_ASSET_PATHS = "\"UnsplashExplorerTable/Preview Content\"";
				DEVELOPMENT_TEAM = HS2EBXX3A9;
				ENABLE_PREVIEWS = YES;
				GENERATE_INFOPLIST_FILE = YES;
				INFOPLIST_KEY_UIApplicationSceneManifest_Generation = YES;
				INFOPLIST_KEY_UIApplicationSupportsIndirectInputEvents = YES;
				INFOPLIST_KEY_UILaunchScreen_Generation = YES;
				INFOPLIST_KEY_UISupportedInterfaceOrientations_iPad = "UIInterfaceOrientationPortrait UIInterfaceOrientationPortraitUpsideDown UIInterfaceOrientationLandscapeLeft UIInterfaceOrientationLandscapeRight";
				INFOPLIST_KEY_UISupportedInterfaceOrientations_iPhone = "UIInterfaceOrientationPortrait UIInterfaceOrientationLandscapeLeft UIInterfaceOrientationLandscapeRight";
				LD_RUNPATH_SEARCH_PATHS = (
					"$(inherited)",
					"@executable_path/Frameworks",
				);
				MARKETING_VERSION = 1.0;
				PRODUCT_BUNDLE_IDENTIFIER = com.tanyaber.UnsplashExplorerTable;
				PRODUCT_NAME = "$(TARGET_NAME)";
				SWIFT_EMIT_LOC_STRINGS = YES;
				SWIFT_VERSION = 5.0;
				TARGETED_DEVICE_FAMILY = "1,2";
			};
			name = Debug;
		};
		84ED21F82B73B68D007DF38B /* Release */ = {
			isa = XCBuildConfiguration;
			buildSettings = {
				ASSETCATALOG_COMPILER_APPICON_NAME = AppIcon;
				ASSETCATALOG_COMPILER_GLOBAL_ACCENT_COLOR_NAME = AccentColor;
				CODE_SIGN_STYLE = Automatic;
				CURRENT_PROJECT_VERSION = 1;
				DEVELOPMENT_ASSET_PATHS = "\"UnsplashExplorerTable/Preview Content\"";
				DEVELOPMENT_TEAM = HS2EBXX3A9;
				ENABLE_PREVIEWS = YES;
				GENERATE_INFOPLIST_FILE = YES;
				INFOPLIST_KEY_UIApplicationSceneManifest_Generation = YES;
				INFOPLIST_KEY_UIApplicationSupportsIndirectInputEvents = YES;
				INFOPLIST_KEY_UILaunchScreen_Generation = YES;
				INFOPLIST_KEY_UISupportedInterfaceOrientations_iPad = "UIInterfaceOrientationPortrait UIInterfaceOrientationPortraitUpsideDown UIInterfaceOrientationLandscapeLeft UIInterfaceOrientationLandscapeRight";
				INFOPLIST_KEY_UISupportedInterfaceOrientations_iPhone = "UIInterfaceOrientationPortrait UIInterfaceOrientationLandscapeLeft UIInterfaceOrientationLandscapeRight";
				LD_RUNPATH_SEARCH_PATHS = (
					"$(inherited)",
					"@executable_path/Frameworks",
				);
				MARKETING_VERSION = 1.0;
				PRODUCT_BUNDLE_IDENTIFIER = com.tanyaber.UnsplashExplorerTable;
				PRODUCT_NAME = "$(TARGET_NAME)";
				SWIFT_EMIT_LOC_STRINGS = YES;
				SWIFT_VERSION = 5.0;
				TARGETED_DEVICE_FAMILY = "1,2";
			};
			name = Release;
		};
		84ED21FA2B73B68D007DF38B /* Debug */ = {
			isa = XCBuildConfiguration;
			buildSettings = {
				ALWAYS_EMBED_SWIFT_STANDARD_LIBRARIES = YES;
				BUNDLE_LOADER = "$(TEST_HOST)";
				CODE_SIGN_STYLE = Automatic;
				CURRENT_PROJECT_VERSION = 1;
				DEVELOPMENT_TEAM = HS2EBXX3A9;
				GENERATE_INFOPLIST_FILE = YES;
				IPHONEOS_DEPLOYMENT_TARGET = 17.2;
				MARKETING_VERSION = 1.0;
				PRODUCT_BUNDLE_IDENTIFIER = com.tanyaber.UnsplashExplorerTableTests;
				PRODUCT_NAME = "$(TARGET_NAME)";
				SWIFT_EMIT_LOC_STRINGS = NO;
				SWIFT_VERSION = 5.0;
				TARGETED_DEVICE_FAMILY = "1,2";
				TEST_HOST = "$(BUILT_PRODUCTS_DIR)/UnsplashExplorerTable.app/$(BUNDLE_EXECUTABLE_FOLDER_PATH)/UnsplashExplorerTable";
			};
			name = Debug;
		};
		84ED21FB2B73B68D007DF38B /* Release */ = {
			isa = XCBuildConfiguration;
			buildSettings = {
				ALWAYS_EMBED_SWIFT_STANDARD_LIBRARIES = YES;
				BUNDLE_LOADER = "$(TEST_HOST)";
				CODE_SIGN_STYLE = Automatic;
				CURRENT_PROJECT_VERSION = 1;
				DEVELOPMENT_TEAM = HS2EBXX3A9;
				GENERATE_INFOPLIST_FILE = YES;
				IPHONEOS_DEPLOYMENT_TARGET = 17.2;
				MARKETING_VERSION = 1.0;
				PRODUCT_BUNDLE_IDENTIFIER = com.tanyaber.UnsplashExplorerTableTests;
				PRODUCT_NAME = "$(TARGET_NAME)";
				SWIFT_EMIT_LOC_STRINGS = NO;
				SWIFT_VERSION = 5.0;
				TARGETED_DEVICE_FAMILY = "1,2";
				TEST_HOST = "$(BUILT_PRODUCTS_DIR)/UnsplashExplorerTable.app/$(BUNDLE_EXECUTABLE_FOLDER_PATH)/UnsplashExplorerTable";
			};
			name = Release;
		};
/* End XCBuildConfiguration section */

/* Begin XCConfigurationList section */
		84ED21CD2B73B68A007DF38B /* Build configuration list for PBXProject "UnsplashExplorerTable" */ = {
			isa = XCConfigurationList;
			buildConfigurations = (
				84ED21F42B73B68D007DF38B /* Debug */,
				84ED21F52B73B68D007DF38B /* Release */,
			);
			defaultConfigurationIsVisible = 0;
			defaultConfigurationName = Release;
		};
		84ED21F62B73B68D007DF38B /* Build configuration list for PBXNativeTarget "UnsplashExplorerTable" */ = {
			isa = XCConfigurationList;
			buildConfigurations = (
				84ED21F72B73B68D007DF38B /* Debug */,
				84ED21F82B73B68D007DF38B /* Release */,
			);
			defaultConfigurationIsVisible = 0;
			defaultConfigurationName = Release;
		};
		84ED21F92B73B68D007DF38B /* Build configuration list for PBXNativeTarget "UnsplashExplorerTableTests" */ = {
			isa = XCConfigurationList;
			buildConfigurations = (
				84ED21FA2B73B68D007DF38B /* Debug */,
				84ED21FB2B73B68D007DF38B /* Release */,
			);
			defaultConfigurationIsVisible = 0;
			defaultConfigurationName = Release;
		};
/* End XCConfigurationList section */

/* Begin XCRemoteSwiftPackageReference section */
		84ED22032B73F1B0007DF38B /* XCRemoteSwiftPackageReference "SDWebImageSwiftUI" */ = {
			isa = XCRemoteSwiftPackageReference;
			repositoryURL = "https://github.com/SDWebImage/SDWebImageSwiftUI.git";
			requirement = {
				kind = upToNextMajorVersion;
				minimumVersion = 2.2.6;
			};
		};
/* End XCRemoteSwiftPackageReference section */

/* Begin XCSwiftPackageProductDependency section */
		84ED22042B73F1B0007DF38B /* SDWebImageSwiftUI */ = {
			isa = XCSwiftPackageProductDependency;
			package = 84ED22032B73F1B0007DF38B /* XCRemoteSwiftPackageReference "SDWebImageSwiftUI" */;
			productName = SDWebImageSwiftUI;
		};
/* End XCSwiftPackageProductDependency section */
	};
	rootObject = 84ED21CA2B73B68A007DF38B /* Project object */;
}
